<?xml version="1.0" encoding="utf-8"?>
<Project ToolsVersion="4.0" xmlns="http://schemas.microsoft.com/developer/msbuild/2003">
  <ItemGroup>
    <Filter Include="源文件">
      <UniqueIdentifier>{4FC737F1-C7A5-4376-A066-2A32D752A2FF}</UniqueIdentifier>
      <Extensions>cpp;c;cc;cxx;c++;cppm;ixx;def;odl;idl;hpj;bat;asm;asmx</Extensions>
    </Filter>
    <Filter Include="资源文件">
      <UniqueIdentifier>{67DA6AB6-F800-4c08-8B7A-83BB121AAD01}</UniqueIdentifier>
      <Extensions>rc;ico;cur;bmp;dlg;rc2;rct;bin;rgs;gif;jpg;jpeg;jpe;resx;tiff;tif;png;wav;mfcribbon-ms</Extensions>
    </Filter>
    <Filter Include="source">
      <UniqueIdentifier>{73c9b256-80e2-4111-97cb-60ce393cae92}</UniqueIdentifier>
    </Filter>
    <Filter Include="source\Compile">
      <UniqueIdentifier>{5dc9128e-e13b-47da-812e-4f953c0d6e06}</UniqueIdentifier>
    </Filter>
    <Filter Include="source\Core">
      <UniqueIdentifier>{3a25c72e-c248-40fb-b24d-188e2ee407d7}</UniqueIdentifier>
    </Filter>
    <Filter Include="source\Debug">
      <UniqueIdentifier>{e877554b-3b1a-439d-93ff-7440eaa65e37}</UniqueIdentifier>
    </Filter>
    <Filter Include="source\Export">
      <UniqueIdentifier>{0d2e2a0e-c04d-4056-a484-d2669da41832}</UniqueIdentifier>
    </Filter>
    <Filter Include="source\IR">
      <UniqueIdentifier>{a4fd26da-46ac-4d14-bc79-d54e6de266b5}</UniqueIdentifier>
    </Filter>
    <Filter Include="source\Project">
      <UniqueIdentifier>{abfdd29f-1af3-47c0-ae47-ce4769b07901}</UniqueIdentifier>
    </Filter>
    <Filter Include="source\Compile\FileMeta">
      <UniqueIdentifier>{39b462bf-35d7-4bba-b647-4b59c91d0859}</UniqueIdentifier>
    </Filter>
    <Filter Include="source\Core\BaseMetaClass">
      <UniqueIdentifier>{3bed2494-104a-4f88-9c61-d29a47f94ee2}</UniqueIdentifier>
    </Filter>
    <Filter Include="source\Core\Grammer">
      <UniqueIdentifier>{51c1c82e-5c26-45a5-963d-99f672c0901f}</UniqueIdentifier>
    </Filter>
    <Filter Include="source\Core\MetaExpressNode">
      <UniqueIdentifier>{d96efe5d-6b96-48f7-a80c-ec91664c042b}</UniqueIdentifier>
    </Filter>
    <Filter Include="source\Core\MetaObject">
      <UniqueIdentifier>{85fe1c84-5c9b-4317-aaed-b82e0d900840}</UniqueIdentifier>
    </Filter>
    <Filter Include="source\Core\Statements">
      <UniqueIdentifier>{9a654dea-5262-4f00-845f-22d4d2e85d4d}</UniqueIdentifier>
    </Filter>
    <Filter Include="source\Core\Type">
      <UniqueIdentifier>{6a577a3b-1cc7-4c0a-9e28-3ebe3e045df4}</UniqueIdentifier>
    </Filter>
    <Filter Include="source\Core\Util">
      <UniqueIdentifier>{37b3d145-572e-4b78-9141-2bd2b0116d57}</UniqueIdentifier>
    </Filter>
    <Filter Include="source\IR\Core">
      <UniqueIdentifier>{cfd99d01-97cc-408e-bad0-1ecb2983be0d}</UniqueIdentifier>
    </Filter>
    <Filter Include="source\Compile\Parse">
      <UniqueIdentifier>{d044c7a6-44db-4218-93b1-df5d0b97912d}</UniqueIdentifier>
    </Filter>
    <Filter Include="source\Compile\Process">
      <UniqueIdentifier>{fc32f6ee-6e2d-4851-b549-e49b3cce9ff5}</UniqueIdentifier>
    </Filter>
    <Filter Include="source\IR\IRStatements">
      <UniqueIdentifier>{619279ab-b1f2-4d37-8977-f3bb7d8907a5}</UniqueIdentifier>
    </Filter>
    <Filter Include="source\VM">
      <UniqueIdentifier>{0c39e9f8-58ea-409d-b41d-fcadf78fbfff}</UniqueIdentifier>
    </Filter>
  </ItemGroup>
  <ItemGroup>
    <ClCompile Include="Main.cpp">
      <Filter>源文件</Filter>
    </ClCompile>
    <ClCompile Include="source\Compile\FileMeta\FileMeta.cpp">
      <Filter>source\Compile\FileMeta</Filter>
    </ClCompile>
    <ClCompile Include="source\Compile\FileMeta\FileMetaBase.cpp">
      <Filter>source\Compile\FileMeta</Filter>
    </ClCompile>
    <ClCompile Include="source\Compile\FileMeta\FileMetaClass.cpp">
      <Filter>source\Compile\FileMeta</Filter>
    </ClCompile>
    <ClCompile Include="source\Compile\FileMeta\FileMetaCommon.cpp">
      <Filter>source\Compile\FileMeta</Filter>
    </ClCompile>
    <ClCompile Include="source\Compile\FileMeta\FileMetaNamespace.cpp">
      <Filter>source\Compile\FileMeta</Filter>
    </ClCompile>
    <ClCompile Include="source\Project\ProjectClass.cpp">
      <Filter>source\Project</Filter>
    </ClCompile>
    <ClCompile Include="source\Project\ProjectCompile.cpp">
      <Filter>source\Project</Filter>
    </ClCompile>
    <ClCompile Include="source\Project\ProjectData.cpp">
      <Filter>source\Project</Filter>
    </ClCompile>
    <ClCompile Include="source\Project\ProjectManager.cpp">
      <Filter>source\Project</Filter>
    </ClCompile>
    <ClCompile Include="source\Project\ProjectParse.cpp">
      <Filter>source\Project</Filter>
    </ClCompile>
    <ClCompile Include="source\Define.cpp">
      <Filter>source</Filter>
    </ClCompile>
    <ClCompile Include="source\Compile\Parse\FileParse.cpp">
      <Filter>source\Compile\Parse</Filter>
    </ClCompile>
    <ClCompile Include="source\Compile\Parse\LexerParse.cpp">
      <Filter>source\Compile\Parse</Filter>
    </ClCompile>
    <ClCompile Include="source\Compile\Parse\Node.cpp">
      <Filter>source\Compile\Parse</Filter>
    </ClCompile>
    <ClCompile Include="source\Compile\Parse\StructParse.cpp">
      <Filter>source\Compile\Parse</Filter>
    </ClCompile>
    <ClCompile Include="source\Compile\Parse\TokenParse.cpp">
      <Filter>source\Compile\Parse</Filter>
    </ClCompile>
    <ClCompile Include="source\Core\MetaBase.cpp">
      <Filter>source\Core</Filter>
    </ClCompile>
    <ClCompile Include="source\Core\MetaData.cpp">
      <Filter>source\Core</Filter>
    </ClCompile>
    <ClCompile Include="source\Core\MetaEnum.cpp">
      <Filter>source\Core</Filter>
    </ClCompile>
    <ClCompile Include="source\Core\MetaExpressNode.cpp">
      <Filter>source\Core</Filter>
    </ClCompile>
    <ClCompile Include="source\Core\MetaMemberFunction.cpp">
      <Filter>source\Core</Filter>
    </ClCompile>
    <ClCompile Include="source\Core\MetaMemberVariable.cpp">
      <Filter>source\Core</Filter>
    </ClCompile>
    <ClCompile Include="source\Core\MetaModule.cpp">
      <Filter>source\Core</Filter>
    </ClCompile>
    <ClCompile Include="source\Core\MetaNamespace.cpp">
      <Filter>source\Core</Filter>
    </ClCompile>
    <ClCompile Include="source\Core\MetaNode.cpp">
      <Filter>source\Core</Filter>
    </ClCompile>
    <ClCompile Include="source\Core\MetaTemplate.cpp">
      <Filter>source\Core</Filter>
    </ClCompile>
    <ClCompile Include="source\Core\MetaType.cpp">
      <Filter>source\Core</Filter>
    </ClCompile>
    <ClCompile Include="source\Core\Statements\MetaAssignStatements.cpp">
      <Filter>source\Core\Statements</Filter>
    </ClCompile>
    <ClCompile Include="source\Core\Statements\MetaBlockStatements.cpp">
      <Filter>source\Core\Statements</Filter>
    </ClCompile>
    <ClCompile Include="source\Core\Statements\MetaStatements.cpp">
      <Filter>source\Core\Statements</Filter>
    </ClCompile>
    <ClCompile Include="source\Debug\Log.cpp">
      <Filter>source\Debug</Filter>
    </ClCompile>
    <ClCompile Include="source\IR\Core\IRMetaCallLink.cpp">
      <Filter>source\IR\Core</Filter>
    </ClCompile>
    <ClCompile Include="source\IR\Core\IRMetaClass.cpp">
      <Filter>source\IR\Core</Filter>
    </ClCompile>
    <ClCompile Include="source\IR\Core\IRMetaType.cpp">
      <Filter>source\IR\Core</Filter>
    </ClCompile>
    <ClCompile Include="source\IR\Core\IRMetaVariable.cpp">
      <Filter>source\IR\Core</Filter>
    </ClCompile>
    <ClCompile Include="source\IR\Core\IRMethodCall.cpp">
      <Filter>source\IR\Core</Filter>
    </ClCompile>
    <ClCompile Include="source\IR\IRBase.cpp">
      <Filter>source\IR</Filter>
    </ClCompile>
    <ClCompile Include="source\IR\IRData.cpp">
      <Filter>source\IR</Filter>
    </ClCompile>
    <ClCompile Include="source\IR\IRManager.cpp">
      <Filter>source\IR</Filter>
    </ClCompile>
    <ClCompile Include="source\IR\IRMethod.cpp">
      <Filter>source\IR</Filter>
    </ClCompile>
    <ClCompile Include="source\IR\IRStatements\IRAssignStatements.cpp">
      <Filter>source\IR\IRStatements</Filter>
    </ClCompile>
    <ClCompile Include="source\IR\IRStatements\IRBlockStatements.cpp">
      <Filter>source\IR\IRStatements</Filter>
    </ClCompile>
    <ClCompile Include="source\IR\IRStatements\IRIfStatements.cpp">
      <Filter>source\IR\IRStatements</Filter>
    </ClCompile>
    <ClCompile Include="source\IR\IRStatements\IRStatementManager.cpp">
      <Filter>source\IR\IRStatements</Filter>
    </ClCompile>
    <ClCompile Include="source\IR\IRStatements\IRStatements.cpp">
      <Filter>source\IR\IRStatements</Filter>
    </ClCompile>
    <ClCompile Include="source\Compile\CompileManager.cpp">
      <Filter>source\Compile</Filter>
    </ClCompile>
    <ClCompile Include="source\Compile\CompilerUtil.cpp">
      <Filter>source\Compile</Filter>
    </ClCompile>
    <ClCompile Include="source\Compile\FileMetatUtil.cpp">
      <Filter>source\Compile</Filter>
    </ClCompile>
    <ClCompile Include="source\Compile\Token.cpp">
      <Filter>source\Compile</Filter>
    </ClCompile>
    <ClCompile Include="source\Core\MetaVariable.cpp">
      <Filter>source\Core</Filter>
    </ClCompile>
    <ClCompile Include="source\Core\ClassManager.cpp">
      <Filter>source\Core</Filter>
    </ClCompile>
    <ClCompile Include="source\Core\MetaClass.cpp">
      <Filter>source\Core</Filter>
    </ClCompile>
    <ClCompile Include="source\Core\MetaDefineParam.cpp">
      <Filter>source\Core</Filter>
    </ClCompile>
    <ClCompile Include="source\Core\BaseMetaClass\ArrayMetaClass.cpp">
      <Filter>source\Core\BaseMetaClass</Filter>
    </ClCompile>
    <ClCompile Include="source\Core\BaseMetaClass\BooleanMetaClass.cpp">
      <Filter>source\Core\BaseMetaClass</Filter>
    </ClCompile>
    <ClCompile Include="source\Core\BaseMetaClass\ByteMetaClass.cpp">
      <Filter>source\Core\BaseMetaClass</Filter>
    </ClCompile>
    <ClCompile Include="source\Core\BaseMetaClass\CoreMetaClassManager.cpp">
      <Filter>source\Core\BaseMetaClass</Filter>
    </ClCompile>
    <ClCompile Include="source\Core\BaseMetaClass\DynamicMetaClass.cpp">
      <Filter>source\Core\BaseMetaClass</Filter>
    </ClCompile>
    <ClCompile Include="source\Core\BaseMetaClass\DynamicMetaData.cpp">
      <Filter>source\Core\BaseMetaClass</Filter>
    </ClCompile>
    <ClCompile Include="source\Core\BaseMetaClass\EnumMetaClass.cpp">
      <Filter>source\Core\BaseMetaClass</Filter>
    </ClCompile>
    <ClCompile Include="source\Core\BaseMetaClass\IntMetaClass.cpp">
      <Filter>source\Core\BaseMetaClass</Filter>
    </ClCompile>
    <ClCompile Include="source\Core\BaseMetaClass\NullMetaClass.cpp">
      <Filter>source\Core\BaseMetaClass</Filter>
    </ClCompile>
    <ClCompile Include="source\Core\BaseMetaClass\ObjectMetaClass.cpp">
      <Filter>source\Core\BaseMetaClass</Filter>
    </ClCompile>
    <ClCompile Include="source\Core\BaseMetaClass\RangeMetaClass.cpp">
      <Filter>source\Core\BaseMetaClass</Filter>
    </ClCompile>
    <ClCompile Include="source\Core\BaseMetaClass\RealMetaClass.cpp">
      <Filter>source\Core\BaseMetaClass</Filter>
    </ClCompile>
    <ClCompile Include="source\Core\BaseMetaClass\StringMetaClass.cpp">
      <Filter>source\Core\BaseMetaClass</Filter>
    </ClCompile>
    <ClCompile Include="source\Core\BaseMetaClass\TypeMetaClass.cpp">
      <Filter>source\Core\BaseMetaClass</Filter>
    </ClCompile>
    <ClCompile Include="source\Core\BaseMetaClass\VoidMetaClass.cpp">
      <Filter>source\Core\BaseMetaClass</Filter>
    </ClCompile>
    <ClCompile Include="source\Core\MetaCallLink.cpp">
      <Filter>source\Core</Filter>
    </ClCompile>
    <ClCompile Include="source\Core\MetaCallNode.cpp">
      <Filter>source\Core</Filter>
    </ClCompile>
    <ClCompile Include="source\Core\MetaVisitCall.cpp">
      <Filter>source\Core</Filter>
    </ClCompile>
    <ClCompile Include="source\Core\MetaExpressNode\MetaExpressBase.cpp">
      <Filter>source\Core\MetaExpressNode</Filter>
    </ClCompile>
    <ClCompile Include="source\Core\MetaExpressNode\MetaExpressCalllink.cpp">
      <Filter>source\Core\MetaExpressNode</Filter>
    </ClCompile>
    <ClCompile Include="source\Core\MetaExpressNode\MetaExpressConst.cpp">
      <Filter>source\Core\MetaExpressNode</Filter>
    </ClCompile>
    <ClCompile Include="source\Core\MetaExpressNode\MetaExpressNewObject.cpp">
      <Filter>source\Core\MetaExpressNode</Filter>
    </ClCompile>
    <ClCompile Include="source\Core\MetaExpressNode\MetaExpressOperator.cpp">
      <Filter>source\Core\MetaExpressNode</Filter>
    </ClCompile>
    <ClCompile Include="source\Core\Statements\MetaBreakContinueGoStatements.cpp">
      <Filter>source\Core\Statements</Filter>
    </ClCompile>
    <ClCompile Include="source\Core\Statements\MetaCallStatements.cpp">
      <Filter>source\Core\Statements</Filter>
    </ClCompile>
    <ClCompile Include="source\Core\Statements\MetaDefineVarStatements.cpp">
      <Filter>source\Core\Statements</Filter>
    </ClCompile>
    <ClCompile Include="source\Core\Statements\MetaIfStatements.cpp">
      <Filter>source\Core\Statements</Filter>
    </ClCompile>
    <ClCompile Include="source\Core\Statements\MetaOtherPlatformStatement.cpp">
      <Filter>source\Core\Statements</Filter>
    </ClCompile>
    <ClCompile Include="source\Core\Statements\MetaReturnStatements.cpp">
      <Filter>source\Core\Statements</Filter>
    </ClCompile>
    <ClCompile Include="source\Core\Statements\MetaSwitchStatements.cpp">
      <Filter>source\Core\Statements</Filter>
    </ClCompile>
    <ClCompile Include="source\Core\Statements\MetaWhileDoWhileStatements.cpp">
      <Filter>source\Core\Statements</Filter>
    </ClCompile>
    <ClCompile Include="source\IR\IRCall.cpp">
      <Filter>source\IR</Filter>
    </ClCompile>
    <ClCompile Include="source\IR\IRExpress.cpp">
      <Filter>source\IR</Filter>
    </ClCompile>
    <ClCompile Include="source\IR\IRVariable.cpp">
      <Filter>source\IR</Filter>
    </ClCompile>
    <ClCompile Include="source\VM\AnyObject.cpp">
      <Filter>source\VM</Filter>
    </ClCompile>
    <ClCompile Include="source\VM\ArrayObject.cpp">
      <Filter>source\VM</Filter>
    </ClCompile>
    <ClCompile Include="source\VM\BoolObject.cpp">
      <Filter>source\VM</Filter>
    </ClCompile>
    <ClCompile Include="source\VM\ByteObject.cpp">
      <Filter>source\VM</Filter>
    </ClCompile>
    <ClCompile Include="source\VM\ClassObject.cpp">
      <Filter>source\VM</Filter>
    </ClCompile>
    <ClCompile Include="source\VM\DoubleObject.cpp">
      <Filter>source\VM</Filter>
    </ClCompile>
    <ClCompile Include="source\VM\FloatObject.cpp">
      <Filter>source\VM</Filter>
    </ClCompile>
    <ClCompile Include="source\VM\InnerCLRRegisterClass.cpp">
      <Filter>source\VM</Filter>
    </ClCompile>
    <ClCompile Include="source\VM\InnerCLRRRuntimeVM.cpp">
      <Filter>source\VM</Filter>
    </ClCompile>
    <ClCompile Include="source\VM\Int16Object.cpp">
      <Filter>source\VM</Filter>
    </ClCompile>
    <ClCompile Include="source\VM\Int32Object.cpp">
      <Filter>source\VM</Filter>
    </ClCompile>
    <ClCompile Include="source\VM\Int64Object.cpp">
      <Filter>source\VM</Filter>
    </ClCompile>
    <ClCompile Include="source\VM\LocalRuntime.cpp">
      <Filter>source\VM</Filter>
    </ClCompile>
    <ClCompile Include="source\VM\LocalRuntimeVM.cpp">
      <Filter>source\VM</Filter>
    </ClCompile>
    <ClCompile Include="source\VM\ObjectManager.cpp">
      <Filter>source\VM</Filter>
    </ClCompile>
    <ClCompile Include="source\VM\RuntimeType.cpp">
      <Filter>source\VM</Filter>
    </ClCompile>
    <ClCompile Include="source\VM\RuntimeVM.cpp">
      <Filter>source\VM</Filter>
    </ClCompile>
    <ClCompile Include="source\VM\SObject.cpp">
      <Filter>source\VM</Filter>
    </ClCompile>
    <ClCompile Include="source\VM\StringObject.cpp">
      <Filter>source\VM</Filter>
    </ClCompile>
    <ClCompile Include="source\VM\SValue.cpp">
      <Filter>source\VM</Filter>
    </ClCompile>
    <ClCompile Include="source\VM\TemplateObject.cpp">
      <Filter>source\VM</Filter>
    </ClCompile>
    <ClCompile Include="source\VM\VoidObject.cpp">
      <Filter>source\VM</Filter>
    </ClCompile>
    <ClCompile Include="source\Core\ModuleManager.cpp">
      <Filter>source\Core</Filter>
    </ClCompile>
    <ClCompile Include="source\Core\NamespaceManager.cpp">
      <Filter>source\Core</Filter>
    </ClCompile>
    <ClCompile Include="source\Compile\FileMeta\FileMetaExpress.cpp">
      <Filter>source\Compile\FileMeta</Filter>
    </ClCompile>
    <ClCompile Include="source\Compile\FileMeta\FileMetaGlobalSyntax.cpp">
      <Filter>source\Compile\FileMeta</Filter>
    </ClCompile>
    <ClCompile Include="source\Compile\FileMeta\FileMetaMemberData.cpp">
      <Filter>source\Compile\FileMeta</Filter>
    </ClCompile>
    <ClCompile Include="source\Compile\FileMeta\FileMetaMemberMethod.cpp">
      <Filter>source\Compile\FileMeta</Filter>
    </ClCompile>
    <ClCompile Include="source\Compile\FileMeta\FileMetaMemberVariable.cpp">
      <Filter>source\Compile\FileMeta</Filter>
    </ClCompile>
    <ClCompile Include="source\Compile\FileMeta\FileMetaSyntax.cpp">
      <Filter>source\Compile\FileMeta</Filter>
    </ClCompile>
    <ClCompile Include="source\Core\MetaVariableManager.cpp">
      <Filter>source\Core</Filter>
    </ClCompile>
    <ClCompile Include="source\Core\MetaMemberData.cpp">
      <Filter>source\Core</Filter>
    </ClCompile>
    <ClCompile Include="source\Core\MetaMemberEnum.cpp">
      <Filter>source\Core</Filter>
    </ClCompile>
  </ItemGroup>
  <ItemGroup>
    <ClInclude Include="source\Compile\FileMeta\FileMeta.h">
      <Filter>source\Compile\FileMeta</Filter>
    </ClInclude>
    <ClInclude Include="source\Compile\FileMeta\FileMetaBase.h">
      <Filter>source\Compile\FileMeta</Filter>
    </ClInclude>
    <ClInclude Include="source\Compile\FileMeta\FileMetaClass.h">
      <Filter>source\Compile\FileMeta</Filter>
    </ClInclude>
    <ClInclude Include="source\Compile\FileMeta\FileMetaCommon.h">
      <Filter>source\Compile\FileMeta</Filter>
    </ClInclude>
    <ClInclude Include="source\Compile\FileMeta\FileMetaNamespace.h">
      <Filter>source\Compile\FileMeta</Filter>
    </ClInclude>
    <ClInclude Include="source\Project\ProjectClass.h">
      <Filter>source\Project</Filter>
    </ClInclude>
    <ClInclude Include="source\Project\ProjectCompile.h">
      <Filter>source\Project</Filter>
    </ClInclude>
    <ClInclude Include="source\Project\ProjectData.h">
      <Filter>source\Project</Filter>
    </ClInclude>
    <ClInclude Include="source\Project\ProjectManager.h">
      <Filter>source\Project</Filter>
    </ClInclude>
    <ClInclude Include="source\Project\ProjectParse.h">
      <Filter>source\Project</Filter>
    </ClInclude>
    <ClInclude Include="source\Define.h">
      <Filter>source</Filter>
    </ClInclude>
    <ClInclude Include="source\Compile\Parse\FileParse.h">
      <Filter>source\Compile\Parse</Filter>
    </ClInclude>
    <ClInclude Include="source\Compile\Parse\LexerParse.h">
      <Filter>source\Compile\Parse</Filter>
    </ClInclude>
    <ClInclude Include="source\Compile\Parse\Node.h">
      <Filter>source\Compile\Parse</Filter>
    </ClInclude>
    <ClInclude Include="source\Compile\Parse\StructParse.h">
      <Filter>source\Compile\Parse</Filter>
    </ClInclude>
    <ClInclude Include="source\Compile\Parse\TokenParse.h">
      <Filter>source\Compile\Parse</Filter>
    </ClInclude>
    <ClInclude Include="source\Compile\Process\CompileStateBase.h">
      <Filter>source\Compile\Process</Filter>
    </ClInclude>
    <ClInclude Include="source\Compile\Process\CoreCompileState.h">
      <Filter>source\Compile\Process</Filter>
    </ClInclude>
    <ClInclude Include="source\Compile\Process\FileMetaCompileState.h">
      <Filter>source\Compile\Process</Filter>
    </ClInclude>
    <ClInclude Include="source\Compile\Process\MethodCompileState.h">
      <Filter>source\Compile\Process</Filter>
    </ClInclude>
    <ClInclude Include="source\Compile\Process\ProjectCompileState.h">
      <Filter>source\Compile\Process</Filter>
    </ClInclude>
    <ClInclude Include="source\Core\BaseMetaClass\ArrayMetaClass.h">
      <Filter>source\Core\BaseMetaClass</Filter>
    </ClInclude>
    <ClInclude Include="source\Core\BaseMetaClass\BooleanMetaClass.h">
      <Filter>source\Core\BaseMetaClass</Filter>
    </ClInclude>
    <ClInclude Include="source\Core\BaseMetaClass\ByteMetaClass.h">
      <Filter>source\Core\BaseMetaClass</Filter>
    </ClInclude>
    <ClInclude Include="source\Core\BaseMetaClass\CoreMetaClassManager.h">
      <Filter>source\Core\BaseMetaClass</Filter>
    </ClInclude>
    <ClInclude Include="source\Core\BaseMetaClass\DynamicMetaClass.h">
      <Filter>source\Core\BaseMetaClass</Filter>
    </ClInclude>
    <ClInclude Include="source\Core\BaseMetaClass\DynamicMetaData.h">
      <Filter>source\Core\BaseMetaClass</Filter>
    </ClInclude>
    <ClInclude Include="source\Core\BaseMetaClass\EnumMetaClass.h">
      <Filter>source\Core\BaseMetaClass</Filter>
    </ClInclude>
    <ClInclude Include="source\Core\BaseMetaClass\IntMetaClass.h">
      <Filter>source\Core\BaseMetaClass</Filter>
    </ClInclude>
    <ClInclude Include="source\Core\BaseMetaClass\NullMetaClass.h">
      <Filter>source\Core\BaseMetaClass</Filter>
    </ClInclude>
    <ClInclude Include="source\Core\BaseMetaClass\ObjectMetaClass.h">
      <Filter>source\Core\BaseMetaClass</Filter>
    </ClInclude>
    <ClInclude Include="source\Core\BaseMetaClass\RangeMetaClass.h">
      <Filter>source\Core\BaseMetaClass</Filter>
    </ClInclude>
    <ClInclude Include="source\Core\BaseMetaClass\RealMetaClass.h">
      <Filter>source\Core\BaseMetaClass</Filter>
    </ClInclude>
    <ClInclude Include="source\Core\BaseMetaClass\StringMetaClass.h">
      <Filter>source\Core\BaseMetaClass</Filter>
    </ClInclude>
    <ClInclude Include="source\Core\BaseMetaClass\TypeMetaClass.h">
      <Filter>source\Core\BaseMetaClass</Filter>
    </ClInclude>
    <ClInclude Include="source\Core\BaseMetaClass\VoidMetaClass.h">
      <Filter>source\Core\BaseMetaClass</Filter>
    </ClInclude>
    <ClInclude Include="source\Core\MetaBase.h">
      <Filter>source\Core</Filter>
    </ClInclude>
    <ClInclude Include="source\Core\MetaClass.h">
      <Filter>source\Core</Filter>
    </ClInclude>
    <ClInclude Include="source\Core\MetaData.h">
      <Filter>source\Core</Filter>
    </ClInclude>
    <ClInclude Include="source\Core\MetaDefineParam.h">
      <Filter>source\Core</Filter>
    </ClInclude>
    <ClInclude Include="source\Core\MetaEnum.h">
      <Filter>source\Core</Filter>
    </ClInclude>
    <ClInclude Include="source\Core\MetaExpressNode.h">
      <Filter>source\Core</Filter>
    </ClInclude>
    <ClInclude Include="source\Core\MetaMemberFunction.h">
      <Filter>source\Core</Filter>
    </ClInclude>
    <ClInclude Include="source\Core\MetaMemberVariable.h">
      <Filter>source\Core</Filter>
    </ClInclude>
    <ClInclude Include="source\Core\MetaModule.h">
      <Filter>source\Core</Filter>
    </ClInclude>
    <ClInclude Include="source\Core\MetaNamespace.h">
      <Filter>source\Core</Filter>
    </ClInclude>
    <ClInclude Include="source\Core\MetaNode.h">
      <Filter>source\Core</Filter>
    </ClInclude>
    <ClInclude Include="source\Core\MetaTemplate.h">
      <Filter>source\Core</Filter>
    </ClInclude>
    <ClInclude Include="source\Core\MetaType.h">
      <Filter>source\Core</Filter>
    </ClInclude>
    <ClInclude Include="source\Core\MetaExpressNode\MetaExecuteStatementsNode.h">
      <Filter>source\Core\MetaExpressNode</Filter>
    </ClInclude>
    <ClInclude Include="source\Core\MetaExpressNode\MetaExpressBase.h">
      <Filter>source\Core\MetaExpressNode</Filter>
    </ClInclude>
    <ClInclude Include="source\Core\MetaExpressNode\MetaExpressCalllink.h">
      <Filter>source\Core\MetaExpressNode</Filter>
    </ClInclude>
    <ClInclude Include="source\Core\MetaExpressNode\MetaExpressConst.h">
      <Filter>source\Core\MetaExpressNode</Filter>
    </ClInclude>
    <ClInclude Include="source\Core\MetaExpressNode\MetaExpressNewObject.h">
      <Filter>source\Core\MetaExpressNode</Filter>
    </ClInclude>
    <ClInclude Include="source\Core\MetaExpressNode\MetaExpressOperator.h">
      <Filter>source\Core\MetaExpressNode</Filter>
    </ClInclude>
    <ClInclude Include="source\Core\Statements\MetaAssignStatements.h">
      <Filter>source\Core\Statements</Filter>
    </ClInclude>
    <ClInclude Include="source\Core\Statements\MetaBlockStatements.h">
      <Filter>source\Core\Statements</Filter>
    </ClInclude>
    <ClInclude Include="source\Core\Statements\MetaBreakContinueGoStatements.h">
      <Filter>source\Core\Statements</Filter>
    </ClInclude>
    <ClInclude Include="source\Core\Statements\MetaCallStatements.h">
      <Filter>source\Core\Statements</Filter>
    </ClInclude>
    <ClInclude Include="source\Core\Statements\MetaDefineVarStatements.h">
      <Filter>source\Core\Statements</Filter>
    </ClInclude>
    <ClInclude Include="source\Core\Statements\MetaIfStatements.h">
      <Filter>source\Core\Statements</Filter>
    </ClInclude>
    <ClInclude Include="source\Core\Statements\MetaOtherPlatformStatement.h">
      <Filter>source\Core\Statements</Filter>
    </ClInclude>
    <ClInclude Include="source\Core\Statements\MetaReturnStatements.h">
      <Filter>source\Core\Statements</Filter>
    </ClInclude>
    <ClInclude Include="source\Core\Statements\MetaStatements.h">
      <Filter>source\Core\Statements</Filter>
    </ClInclude>
    <ClInclude Include="source\Core\Statements\MetaSwitchStatements.h">
      <Filter>source\Core\Statements</Filter>
    </ClInclude>
    <ClInclude Include="source\Core\Statements\MetaWhileDoWhileStatements.h">
      <Filter>source\Core\Statements</Filter>
    </ClInclude>
    <ClInclude Include="source\Debug\Log.h">
      <Filter>source\Debug</Filter>
    </ClInclude>
    <ClInclude Include="source\IR\Core\IRMetaCallLink.h">
      <Filter>source\IR\Core</Filter>
    </ClInclude>
    <ClInclude Include="source\IR\Core\IRMetaClass.h">
      <Filter>source\IR\Core</Filter>
    </ClInclude>
    <ClInclude Include="source\IR\Core\IRMetaType.h">
      <Filter>source\IR\Core</Filter>
    </ClInclude>
    <ClInclude Include="source\IR\Core\IRMetaVariable.h">
      <Filter>source\IR\Core</Filter>
    </ClInclude>
    <ClInclude Include="source\IR\Core\IRMethodCall.h">
      <Filter>source\IR\Core</Filter>
    </ClInclude>
    <ClInclude Include="source\IR\IRBase.h">
      <Filter>source\IR</Filter>
    </ClInclude>
    <ClInclude Include="source\IR\IRData.h">
      <Filter>source\IR</Filter>
    </ClInclude>
    <ClInclude Include="source\IR\IRManager.h">
      <Filter>source\IR</Filter>
    </ClInclude>
    <ClInclude Include="source\IR\IRMethod.h">
      <Filter>source\IR</Filter>
    </ClInclude>
    <ClInclude Include="source\IR\IROpEnum.h">
      <Filter>source\IR</Filter>
    </ClInclude>
    <ClInclude Include="source\IR\IRStatements\IRAssignStatements.h">
      <Filter>source\IR\IRStatements</Filter>
    </ClInclude>
    <ClInclude Include="source\IR\IRStatements\IRBlockStatements.h">
      <Filter>source\IR\IRStatements</Filter>
    </ClInclude>
    <ClInclude Include="source\IR\IRStatements\IRIfStatements.h">
      <Filter>source\IR\IRStatements</Filter>
    </ClInclude>
    <ClInclude Include="source\IR\IRStatements\IRStatementManager.h">
      <Filter>source\IR\IRStatements</Filter>
    </ClInclude>
    <ClInclude Include="source\IR\IRStatements\IRStatements.h">
      <Filter>source\IR\IRStatements</Filter>
    </ClInclude>
    <ClInclude Include="source\Compile\CompileManager.h">
      <Filter>source\Compile</Filter>
    </ClInclude>
    <ClInclude Include="source\Compile\CompilerUtil.h">
      <Filter>source\Compile</Filter>
    </ClInclude>
    <ClInclude Include="source\Compile\FileMetatUtil.h">
      <Filter>source\Compile</Filter>
    </ClInclude>
    <ClInclude Include="source\Compile\Token.h">
      <Filter>source\Compile</Filter>
    </ClInclude>
    <ClInclude Include="source\Core\MetaVariable.h">
      <Filter>source\Core</Filter>
    </ClInclude>
    <ClInclude Include="source\Core\ClassManager.h">
      <Filter>source\Core</Filter>
    </ClInclude>
    <ClInclude Include="source\Core\MetaCallLink.h">
      <Filter>source\Core</Filter>
    </ClInclude>
    <ClInclude Include="source\Core\MetaCallNode.h">
      <Filter>source\Core</Filter>
    </ClInclude>
    <ClInclude Include="source\Core\MetaVisitCall.h">
      <Filter>source\Core</Filter>
    </ClInclude>
    <ClInclude Include="source\IR\IRCall.h">
      <Filter>source\IR</Filter>
    </ClInclude>
    <ClInclude Include="source\IR\IRExpress.h">
      <Filter>source\IR</Filter>
    </ClInclude>
    <ClInclude Include="source\IR\IRVariable.h">
      <Filter>source\IR</Filter>
    </ClInclude>
    <ClInclude Include="source\VM\AnyObject.h">
      <Filter>source\VM</Filter>
    </ClInclude>
    <ClInclude Include="source\VM\ArrayObject.h">
      <Filter>source\VM</Filter>
    </ClInclude>
    <ClInclude Include="source\VM\BoolObject.h">
      <Filter>source\VM</Filter>
    </ClInclude>
    <ClInclude Include="source\VM\ByteObject.h">
      <Filter>source\VM</Filter>
    </ClInclude>
    <ClInclude Include="source\VM\ClassObject.h">
      <Filter>source\VM</Filter>
    </ClInclude>
    <ClInclude Include="source\VM\DoubleObject.h">
      <Filter>source\VM</Filter>
    </ClInclude>
    <ClInclude Include="source\VM\FloatObject.h">
      <Filter>source\VM</Filter>
    </ClInclude>
    <ClInclude Include="source\VM\InnerCLRRegisterClass.h">
      <Filter>source\VM</Filter>
    </ClInclude>
    <ClInclude Include="source\VM\InnerCLRRRuntimeVM.h">
      <Filter>source\VM</Filter>
    </ClInclude>
    <ClInclude Include="source\VM\Int16Object.h">
      <Filter>source\VM</Filter>
    </ClInclude>
    <ClInclude Include="source\VM\Int32Object.h">
      <Filter>source\VM</Filter>
    </ClInclude>
    <ClInclude Include="source\VM\Int64Object.h">
      <Filter>source\VM</Filter>
    </ClInclude>
    <ClInclude Include="source\VM\LocalRuntime.h">
      <Filter>source\VM</Filter>
    </ClInclude>
    <ClInclude Include="source\VM\LocalRuntimeVM.h">
      <Filter>source\VM</Filter>
    </ClInclude>
    <ClInclude Include="source\VM\Malloc.h">
      <Filter>source\VM</Filter>
    </ClInclude>
    <ClInclude Include="source\VM\ObjectManager.h">
      <Filter>source\VM</Filter>
    </ClInclude>
    <ClInclude Include="source\VM\RuntimeType.h">
      <Filter>source\VM</Filter>
    </ClInclude>
    <ClInclude Include="source\VM\RuntimeVM.h">
      <Filter>source\VM</Filter>
    </ClInclude>
    <ClInclude Include="source\VM\SObject.h">
      <Filter>source\VM</Filter>
    </ClInclude>
    <ClInclude Include="source\VM\StringObject.h">
      <Filter>source\VM</Filter>
    </ClInclude>
    <ClInclude Include="source\VM\SValue.h">
      <Filter>source\VM</Filter>
    </ClInclude>
    <ClInclude Include="source\VM\TemplateObject.h">
      <Filter>source\VM</Filter>
    </ClInclude>
    <ClInclude Include="source\VM\VoidObject.h">
      <Filter>source\VM</Filter>
    </ClInclude>
    <ClInclude Include="source\Core\ModuleManager.h">
      <Filter>source\Core</Filter>
    </ClInclude>
    <ClInclude Include="source\Core\NamespaceManager.h">
      <Filter>source\Core</Filter>
    </ClInclude>
    <ClInclude Include="source\Compile\FileMeta\FileMetaExpress.h">
      <Filter>source\Compile\FileMeta</Filter>
    </ClInclude>
    <ClInclude Include="source\Compile\FileMeta\FileMetaGlobalSyntax.h">
      <Filter>source\Compile\FileMeta</Filter>
    </ClInclude>
    <ClInclude Include="source\Compile\FileMeta\FileMetaMemberData.h">
      <Filter>source\Compile\FileMeta</Filter>
    </ClInclude>
    <ClInclude Include="source\Compile\FileMeta\FileMetaMemberMethod.h">
      <Filter>source\Compile\FileMeta</Filter>
    </ClInclude>
    <ClInclude Include="source\Compile\FileMeta\FileMetaMemberVariable.h">
      <Filter>source\Compile\FileMeta</Filter>
    </ClInclude>
    <ClInclude Include="source\Compile\FileMeta\FileMetaSyntax.h">
      <Filter>source\Compile\FileMeta</Filter>
    </ClInclude>
    <ClInclude Include="source\Core\MetaVariableManager.h">
      <Filter>source\Core</Filter>
    </ClInclude>
    <ClInclude Include="source\Core\MetaMemberData.h">
      <Filter>source\Core</Filter>
    </ClInclude>
    <ClInclude Include="source\Core\MetaMemberEnum.h">
      <Filter>source\Core</Filter>
    </ClInclude>
  </ItemGroup>
  <ItemGroup>
    <None Include="source\Core\MetaParam.cs">
      <Filter>source\Core</Filter>
    </None>
    <None Include="source\Core\MetaTypeFactory.cs">
      <Filter>source\Core</Filter>
    </None>
    <None Include="source\Core\Statements\MetaAssignStatements.cs">
      <Filter>source\Core\Statements</Filter>
    </None>
    <None Include="source\Core\Statements\MetaBlockStatements.cs">
      <Filter>source\Core\Statements</Filter>
    </None>
    <None Include="source\Core\Statements\MetaBreakContinueGoStatements.cs">
      <Filter>source\Core\Statements</Filter>
    </None>
    <None Include="source\Core\Statements\MetaCallStatements.cs">
      <Filter>source\Core\Statements</Filter>
    </None>
    <None Include="source\Core\Statements\MetaDefineVarStatements.cs">
      <Filter>source\Core\Statements</Filter>
    </None>
    <None Include="source\Core\Statements\MetaIfStatements.cs">
      <Filter>source\Core\Statements</Filter>
    </None>
    <None Include="source\Core\Statements\MetaOtherPlatformStatement.cs">
      <Filter>source\Core\Statements</Filter>
    </None>
    <None Include="source\Core\Statements\MetaReturnStatements.cs">
      <Filter>source\Core\Statements</Filter>
    </None>
    <None Include="source\Core\Statements\MetaStatements.cs">
      <Filter>source\Core\Statements</Filter>
    </None>
    <None Include="source\Core\Statements\MetaSwitchStatements.cs">
      <Filter>source\Core\Statements</Filter>
    </None>
  </ItemGroup>
</Project>